<?xml version="1.0" encoding="utf-8"?>
<Project ToolsVersion="4.0" xmlns="http://schemas.microsoft.com/developer/msbuild/2003">
  <ItemGroup>
    <Filter Include="win32">
      <UniqueIdentifier>{84a8ebd7-7cf0-47f6-b75e-d441df67da40}</UniqueIdentifier>
    </Filter>
    <Filter Include="resource">
      <UniqueIdentifier>{715254bc-d70b-4ec5-bf29-467dd3ace079}</UniqueIdentifier>
    </Filter>
    <Filter Include="src">
      <UniqueIdentifier>{bb6c862e-70e9-49d9-81b7-3829a6f50471}</UniqueIdentifier>
    </Filter>
    <Filter Include="src\Input">
      <UniqueIdentifier>{f568497c-07e7-4b17-8b9e-af26cdbb0db2}</UniqueIdentifier>
    </Filter>
    <Filter Include="src\Common">
      <UniqueIdentifier>{6f3a62bc-c52f-4c6d-839e-c945b2f87713}</UniqueIdentifier>
    </Filter>
    <Filter Include="src\SceneManagement">
      <UniqueIdentifier>{6d231863-5e2f-45b1-a02c-0ada95a1f23d}</UniqueIdentifier>
    </Filter>
    <Filter Include="src\Audio">
      <UniqueIdentifier>{b20e6f7b-e01e-4dcb-a5d5-2de1583af2d4}</UniqueIdentifier>
    </Filter>
    <Filter Include="src\Grid">
      <UniqueIdentifier>{b9aed6d5-c4f2-4090-8a5e-649bb08d402d}</UniqueIdentifier>
    </Filter>
    <Filter Include="src\Animation">
      <UniqueIdentifier>{f877e873-7d9f-4d11-b70c-ec739cc4e264}</UniqueIdentifier>
    </Filter>
    <Filter Include="src\FSM">
      <UniqueIdentifier>{564de31e-c2b8-433e-88b5-ab946c681a7e}</UniqueIdentifier>
    </Filter>
  </ItemGroup>
  <ItemGroup>
    <ClCompile Include="main.cpp">
      <Filter>win32</Filter>
    </ClCompile>
    <ClCompile Include="..\Classes\AppDelegate.cpp">
      <Filter>src</Filter>
    </ClCompile>
    <ClCompile Include="..\Classes\HelloWorldScene.cpp">
      <Filter>src</Filter>
    </ClCompile>
    <ClCompile Include="..\Classes\TestScene.cpp">
      <Filter>src</Filter>
    </ClCompile>
    <ClCompile Include="..\Classes\Input\InputHandler.cpp">
      <Filter>src\Input</Filter>
    </ClCompile>
    <ClCompile Include="..\Classes\SceneManagement\SceneManager.cpp">
      <Filter>src\SceneManagement</Filter>
    </ClCompile>
    <ClCompile Include="..\Classes\MainMenuScene.cpp">
      <Filter>src</Filter>
    </ClCompile>
    <ClCompile Include="..\Classes\Audio\AudioHandler.cpp">
      <Filter>src\Audio</Filter>
    </ClCompile>
    <ClCompile Include="..\Classes\Grid\Grid.cpp">
      <Filter>src\Grid</Filter>
    </ClCompile>
    <ClCompile Include="..\Classes\Grid\SpatialPartition.cpp">
      <Filter>src\Grid</Filter>
    </ClCompile>
    <ClCompile Include="..\Classes\Animation\AnimationController.cpp">
      <Filter>src\Animation</Filter>
    </ClCompile>
    <ClCompile Include="..\Classes\Animation\SpriteBuilder.cpp">
      <Filter>src\Animation</Filter>
    </ClCompile>
    <ClCompile Include="..\Classes\PathfinderTest.cpp">
      <Filter>src</Filter>
    </ClCompile>
    <ClCompile Include="..\Classes\FSM\BaseFSM.cpp">
      <Filter>src\FSM</Filter>
    </ClCompile>
    <ClCompile Include="..\Classes\FSM\Pathfinder.cpp">
      <Filter>src\FSM</Filter>
    </ClCompile>
    <ClCompile Include="..\Classes\FSM\PatrollingFSM.cpp">
      <Filter>src\FSM</Filter>
    </ClCompile>
  </ItemGroup>
  <ItemGroup>
    <ClInclude Include="main.h">
      <Filter>win32</Filter>
    </ClInclude>
    <ClInclude Include="..\Classes\AppDelegate.h">
      <Filter>src</Filter>
    </ClInclude>
    <ClInclude Include="..\Classes\HelloWorldScene.h">
      <Filter>src</Filter>
    </ClInclude>
    <ClInclude Include="..\Classes\TestScene.h">
      <Filter>src</Filter>
    </ClInclude>
    <ClInclude Include="..\Classes\Input\InputAction.h">
      <Filter>src\Input</Filter>
    </ClInclude>
    <ClInclude Include="..\Classes\Input\InputHandler.h">
      <Filter>src\Input</Filter>
    </ClInclude>
    <ClInclude Include="..\Classes\Common\SingletonNode.h">
      <Filter>src\Common</Filter>
    </ClInclude>
    <ClInclude Include="..\Classes\SceneManagement\SceneManager.h">
      <Filter>src\SceneManagement</Filter>
    </ClInclude>
    <ClInclude Include="..\Classes\MainMenuScene.h">
      <Filter>src</Filter>
    </ClInclude>
    <ClInclude Include="..\Classes\Audio\AudioHandler.h">
      <Filter>src\Audio</Filter>
    </ClInclude>
    <ClInclude Include="..\Classes\Grid\Grid.h">
      <Filter>src\Grid</Filter>
    </ClInclude>
    <ClInclude Include="..\Classes\Grid\SpatialPartition.h">
      <Filter>src\Grid</Filter>
    </ClInclude>
    <ClInclude Include="..\Classes\Animation\AnimationController.h">
      <Filter>src\Animation</Filter>
    </ClInclude>
    <ClInclude Include="..\Classes\Animation\SpriteBuilder.h">
      <Filter>src\Animation</Filter>
    </ClInclude>
    <ClInclude Include="..\Classes\PathfinderTest.h">
      <Filter>src</Filter>
    </ClInclude>
    <ClInclude Include="..\Classes\FSM\BaseFSM.h">
      <Filter>src\FSM</Filter>
    </ClInclude>
    <ClInclude Include="..\Classes\FSM\Node.h">
      <Filter>src\FSM</Filter>
    </ClInclude>
    <ClInclude Include="..\Classes\FSM\Pathfinder.h">
      <Filter>src\FSM</Filter>
    </ClInclude>
    <ClInclude Include="..\Classes\FSM\PathfinderNode.h">
      <Filter>src\FSM</Filter>
    </ClInclude>
    <ClInclude Include="..\Classes\FSM\PatrollingFSM.h">
      <Filter>src\FSM</Filter>
    </ClInclude>
  </ItemGroup>
  <ItemGroup>
    <ResourceCompile Include="game.rc">
      <Filter>resource</Filter>
    </ResourceCompile>
  </ItemGroup>
</Project>